
Microsoft Visual Studio Solution File, Format Version 12.00
# Visual Studio Version 17
VisualStudioVersion = 17.0.31903.59
MinimumVisualStudioVersion = 10.0.40219.1
Project("{FAE04EC0-301F-11D3-BF4B-00C04F79EFBC}") = "Stroytorg.Application", "Stroytorg.Application\Stroytorg.Application.csproj", "{4C7E58E2-E5AB-4AF6-B435-7D71C6C3BAF9}"
EndProject
Project("{FAE04EC0-301F-11D3-BF4B-00C04F79EFBC}") = "Stroytorg.Contracts", "Stroytorg.Contracts\Stroytorg.Contracts.csproj", "{E4C07418-6CB0-4943-BB98-5D7F95373E6E}"
EndProject
Project("{FAE04EC0-301F-11D3-BF4B-00C04F79EFBC}") = "Stroytorg.Domain", "Stroytorg.Domain\Stroytorg.Domain.csproj", "{09BB7F54-6969-49A1-BDE2-F341A96F5F70}"
EndProject
Project("{FAE04EC0-301F-11D3-BF4B-00C04F79EFBC}") = "Stroytorg.Host", "Stroytorg.Host\Stroytorg.Host.csproj", "{FC03370C-BACC-416D-8FB0-2E4FE5139BD8}"
EndProject
Project("{FAE04EC0-301F-11D3-BF4B-00C04F79EFBC}") = "Stroytorg.Infrastructure", "Stroytorg.Infrastructure\Stroytorg.Infrastructure.csproj", "{E08977BA-7924-452E-A33E-DCBFA723C57E}"
EndProject
Global
	GlobalSection(SolutionConfigurationPlatforms) = preSolution
		Debug|Any CPU = Debug|Any CPU
		Release|Any CPU = Release|Any CPU
	EndGlobalSection
	GlobalSection(SolutionProperties) = preSolution
		HideSolutionNode = FALSE
	EndGlobalSection
	GlobalSection(ProjectConfigurationPlatforms) = postSolution
		{4C7E58E2-E5AB-4AF6-B435-7D71C6C3BAF9}.Debug|Any CPU.ActiveCfg = Debug|Any CPU
		{4C7E58E2-E5AB-4AF6-B435-7D71C6C3BAF9}.Debug|Any CPU.Build.0 = Debug|Any CPU
		{4C7E58E2-E5AB-4AF6-B435-7D71C6C3BAF9}.Release|Any CPU.ActiveCfg = Release|Any CPU
		{4C7E58E2-E5AB-4AF6-B435-7D71C6C3BAF9}.Release|Any CPU.Build.0 = Release|Any CPU
		{E4C07418-6CB0-4943-BB98-5D7F95373E6E}.Debug|Any CPU.ActiveCfg = Debug|Any CPU
		{E4C07418-6CB0-4943-BB98-5D7F95373E6E}.Debug|Any CPU.Build.0 = Debug|Any CPU
		{E4C07418-6CB0-4943-BB98-5D7F95373E6E}.Release|Any CPU.ActiveCfg = Release|Any CPU
		{E4C07418-6CB0-4943-BB98-5D7F95373E6E}.Release|Any CPU.Build.0 = Release|Any CPU
		{09BB7F54-6969-49A1-BDE2-F341A96F5F70}.Debug|Any CPU.ActiveCfg = Debug|Any CPU
		{09BB7F54-6969-49A1-BDE2-F341A96F5F70}.Debug|Any CPU.Build.0 = Debug|Any CPU
		{09BB7F54-6969-49A1-BDE2-F341A96F5F70}.Release|Any CPU.ActiveCfg = Release|Any CPU
		{09BB7F54-6969-49A1-BDE2-F341A96F5F70}.Release|Any CPU.Build.0 = Release|Any CPU
		{FC03370C-BACC-416D-8FB0-2E4FE5139BD8}.Debug|Any CPU.ActiveCfg = Debug|Any CPU
		{FC03370C-BACC-416D-8FB0-2E4FE5139BD8}.Debug|Any CPU.Build.0 = Debug|Any CPU
		{FC03370C-BACC-416D-8FB0-2E4FE5139BD8}.Release|Any CPU.ActiveCfg = Release|Any CPU
		{FC03370C-BACC-416D-8FB0-2E4FE5139BD8}.Release|Any CPU.Build.0 = Release|Any CPU
		{E08977BA-7924-452E-A33E-DCBFA723C57E}.Debug|Any CPU.ActiveCfg = Debug|Any CPU
		{E08977BA-7924-452E-A33E-DCBFA723C57E}.Debug|Any CPU.Build.0 = Debug|Any CPU
		{E08977BA-7924-452E-A33E-DCBFA723C57E}.Release|Any CPU.ActiveCfg = Release|Any CPU
		{E08977BA-7924-452E-A33E-DCBFA723C57E}.Release|Any CPU.Build.0 = Release|Any CPU
	EndGlobalSection
EndGlobal
